// !$*UTF8*$!
{
	archiveVersion = 1;
	classes = {
	};
	objectVersion = 56;
	objects = {

/* Begin PBXBuildFile section */
		64630046293E2C84000934C6 /* RandomModesViewController.swift in Sources */ = {isa = PBXBuildFile; fileRef = 64630045293E2C84000934C6 /* RandomModesViewController.swift */; };
		64EE36FF2936850F0053C310 /* AppDelegate.swift in Sources */ = {isa = PBXBuildFile; fileRef = 64EE36FE2936850F0053C310 /* AppDelegate.swift */; };
		64EE37012936850F0053C310 /* SceneDelegate.swift in Sources */ = {isa = PBXBuildFile; fileRef = 64EE37002936850F0053C310 /* SceneDelegate.swift */; };
		64EE37062936850F0053C310 /* Main.storyboard in Resources */ = {isa = PBXBuildFile; fileRef = 64EE37042936850F0053C310 /* Main.storyboard */; };
		64EE3708293685110053C310 /* Assets.xcassets in Resources */ = {isa = PBXBuildFile; fileRef = 64EE3707293685110053C310 /* Assets.xcassets */; };
		64EE370B293685110053C310 /* LaunchScreen.storyboard in Resources */ = {isa = PBXBuildFile; fileRef = 64EE3709293685110053C310 /* LaunchScreen.storyboard */; };
		64EE3716293685910053C310 /* RandomModes.swift in Sources */ = {isa = PBXBuildFile; fileRef = 64EE3715293685910053C310 /* RandomModes.swift */; };
/* End PBXBuildFile section */

/* Begin PBXFileReference section */
		64630045293E2C84000934C6 /* RandomModesViewController.swift */ = {isa = PBXFileReference; lastKnownFileType = sourcecode.swift; path = RandomModesViewController.swift; sourceTree = "<group>"; };
		64EE36FB2936850F0053C310 /* AnyRandom.app */ = {isa = PBXFileReference; explicitFileType = wrapper.application; includeInIndex = 0; path = AnyRandom.app; sourceTree = BUILT_PRODUCTS_DIR; };
		64EE36FE2936850F0053C310 /* AppDelegate.swift */ = {isa = PBXFileReference; lastKnownFileType = sourcecode.swift; path = AppDelegate.swift; sourceTree = "<group>"; };
		64EE37002936850F0053C310 /* SceneDelegate.swift */ = {isa = PBXFileReference; lastKnownFileType = sourcecode.swift; path = SceneDelegate.swift; sourceTree = "<group>"; };
		64EE37052936850F0053C310 /* Base */ = {isa = PBXFileReference; lastKnownFileType = file.storyboard; name = Base; path = Base.lproj/Main.storyboard; sourceTree = "<group>"; };
		64EE3707293685110053C310 /* Assets.xcassets */ = {isa = PBXFileReference; lastKnownFileType = folder.assetcatalog; path = Assets.xcassets; sourceTree = "<group>"; };
		64EE370A293685110053C310 /* Base */ = {isa = PBXFileReference; lastKnownFileType = file.storyboard; name = Base; path = Base.lproj/LaunchScreen.storyboard; sourceTree = "<group>"; };
		64EE370C293685110053C310 /* Info.plist */ = {isa = PBXFileReference; lastKnownFileType = text.plist.xml; path = Info.plist; sourceTree = "<group>"; };
		64EE3715293685910053C310 /* RandomModes.swift */ = {isa = PBXFileReference; lastKnownFileType = sourcecode.swift; path = RandomModes.swift; sourceTree = "<group>"; };
/* End PBXFileReference section */

/* Begin PBXFrameworksBuildPhase section */
		64EE36F82936850F0053C310 /* Frameworks */ = {
			isa = PBXFrameworksBuildPhase;
			buildActionMask = 2147483647;
			files = (
			);
			runOnlyForDeploymentPostprocessing = 0;
		};
/* End PBXFrameworksBuildPhase section */

/* Begin PBXGroup section */
		64EE36F22936850F0053C310 = {
			isa = PBXGroup;
			children = (
				64EE36FD2936850F0053C310 /* AnyRandom */,
				64EE36FC2936850F0053C310 /* Products */,
			);
			sourceTree = "<group>";
		};
		64EE36FC2936850F0053C310 /* Products */ = {
			isa = PBXGroup;
			children = (
				64EE36FB2936850F0053C310 /* AnyRandom.app */,
			);
			name = Products;
			sourceTree = "<group>";
		};
		64EE36FD2936850F0053C310 /* AnyRandom */ = {
			isa = PBXGroup;
			children = (
				64EE3712293685390053C310 /* App */,
				64EE3717293685970053C310 /* Models */,
				64EE3713293685430053C310 /* ViewControllers */,
				64EE37142936854D0053C310 /* Storyboards */,
				64EE3707293685110053C310 /* Assets.xcassets */,
				64EE370C293685110053C310 /* Info.plist */,
			);
			path = AnyRandom;
			sourceTree = "<group>";
		};
		64EE3712293685390053C310 /* App */ = {
			isa = PBXGroup;
			children = (
				64EE36FE2936850F0053C310 /* AppDelegate.swift */,
				64EE37002936850F0053C310 /* SceneDelegate.swift */,
			);
			path = App;
			sourceTree = "<group>";
		};
		64EE3713293685430053C310 /* ViewControllers */ = {
			isa = PBXGroup;
			children = (
				64630045293E2C84000934C6 /* RandomModesViewController.swift */,
			);
			path = ViewControllers;
			sourceTree = "<group>";
		};
		64EE37142936854D0053C310 /* Storyboards */ = {
			isa = PBXGroup;
			children = (
				64EE37042936850F0053C310 /* Main.storyboard */,
				64EE3709293685110053C310 /* LaunchScreen.storyboard */,
			);
			path = Storyboards;
			sourceTree = "<group>";
		};
		64EE3717293685970053C310 /* Models */ = {
			isa = PBXGroup;
			children = (
				64EE3715293685910053C310 /* RandomModes.swift */,
			);
			path = Models;
			sourceTree = "<group>";
		};
/* End PBXGroup section */

/* Begin PBXNativeTarget section */
		64EE36FA2936850F0053C310 /* AnyRandom */ = {
			isa = PBXNativeTarget;
			buildConfigurationList = 64EE370F293685110053C310 /* Build configuration list for PBXNativeTarget "AnyRandom" */;
			buildPhases = (
				64EE36F72936850F0053C310 /* Sources */,
				64EE36F82936850F0053C310 /* Frameworks */,
				64EE36F92936850F0053C310 /* Resources */,
			);
			buildRules = (
			);
			dependencies = (
			);
			name = AnyRandom;
			productName = AnyRandom;
			productReference = 64EE36FB2936850F0053C310 /* AnyRandom.app */;
			productType = "com.apple.product-type.application";
		};
/* End PBXNativeTarget section */

/* Begin PBXProject section */
		64EE36F32936850F0053C310 /* Project object */ = {
			isa = PBXProject;
			attributes = {
				BuildIndependentTargetsInParallel = 1;
				LastSwiftUpdateCheck = 1410;
				LastUpgradeCheck = 1410;
				TargetAttributes = {
					64EE36FA2936850F0053C310 = {
						CreatedOnToolsVersion = 14.1;
					};
				};
			};
			buildConfigurationList = 64EE36F62936850F0053C310 /* Build configuration list for PBXProject "AnyRandom" */;
			compatibilityVersion = "Xcode 14.0";
			developmentRegion = en;
			hasScannedForEncodings = 0;
			knownRegions = (
				en,
				Base,
			);
			mainGroup = 64EE36F22936850F0053C310;
			productRefGroup = 64EE36FC2936850F0053C310 /* Products */;
			projectDirPath = "";
			projectRoot = "";
			targets = (
				64EE36FA2936850F0053C310 /* AnyRandom */,
			);
		};
/* End PBXProject section */

/* Begin PBXResourcesBuildPhase section */
		64EE36F92936850F0053C310 /* Resources */ = {
			isa = PBXResourcesBuildPhase;
			buildActionMask = 2147483647;
			files = (
				64EE370B293685110053C310 /* LaunchScreen.storyboard in Resources */,
				64EE3708293685110053C310 /* Assets.xcassets in Resources */,
				64EE37062936850F0053C310 /* Main.storyboard in Resources */,
			);
			runOnlyForDeploymentPostprocessing = 0;
		};
/* End PBXResourcesBuildPhase section */

/* Begin PBXSourcesBuildPhase section */
		64EE36F72936850F0053C310 /* Sources */ = {
			isa = PBXSourcesBuildPhase;
			buildActionMask = 2147483647;
			files = (
				64EE3716293685910053C310 /* RandomModes.swift in Sources */,
				64630046293E2C84000934C6 /* RandomModesViewController.swift in Sources */,
				64EE36FF2936850F0053C310 /* AppDelegate.swift in Sources */,
				64EE37012936850F0053C310 /* SceneDelegate.swift in Sources */,
			);
			runOnlyForDeploymentPostprocessing = 0;
		};
/* End PBXSourcesBuildPhase section */

/* Begin PBXVariantGroup section */
		64EE37042936850F0053C310 /* Main.storyboard */ = {
			isa = PBXVariantGroup;
			children = (
				64EE37052936850F0053C310 /* Base */,
			);
			name = Main.storyboard;
			sourceTree = "<group>";
		};
		64EE3709293685110053C310 /* LaunchScreen.storyboard */ = {
			isa = PBXVariantGroup;
			children = (
				64EE370A293685110053C310 /* Base */,
			);
			name = LaunchScreen.storyboard;
			sourceTree = "<group>";
		};
/* End PBXVariantGroup section */

/* Begin XCBuildConfiguration section */
		64EE370D293685110053C310 /* Debug */ = {
			isa = XCBuildConfiguration;
			buildSettings = {
				ALWAYS_SEARCH_USER_PATHS = NO;
				CLANG_ANALYZER_NONNULL = YES;
				CLANG_ANALYZER_NUMBER_OBJECT_CONVERSION = YES_AGGRESSIVE;
				CLANG_CXX_LANGUAGE_STANDARD = "gnu++20";
				CLANG_ENABLE_MODULES = YES;
				CLANG_ENABLE_OBJC_ARC = YES;
				CLANG_ENABLE_OBJC_WEAK = YES;
				CLANG_WARN_BLOCK_CAPTURE_AUTORELEASING = YES;
				CLANG_WARN_BOOL_CONVERSION = YES;
				CLANG_WARN_COMMA = YES;
				CLANG_WARN_CONSTANT_CONVERSION = YES;
				CLANG_WARN_DEPRECATED_OBJC_IMPLEMENTATIONS = YES;
				CLANG_WARN_DIRECT_OBJC_ISA_USAGE = YES_ERROR;
				CLANG_WARN_DOCUMENTATION_COMMENTS = YES;
				CLANG_WARN_EMPTY_BODY = YES;
				CLANG_WARN_ENUM_CONVERSION = YES;
				CLANG_WARN_INFINITE_RECURSION = YES;
				CLANG_WARN_INT_CONVERSION = YES;
				CLANG_WARN_NON_LITERAL_NULL_CONVERSION = YES;
				CLANG_WARN_OBJC_IMPLICIT_RETAIN_SELF = YES;
				CLANG_WARN_OBJC_LITERAL_CONVERSION = YES;
				CLANG_WARN_OBJC_ROOT_CLASS = YES_ERROR;
				CLANG_WARN_QUOTED_INCLUDE_IN_FRAMEWORK_HEADER = YES;
				CLANG_WARN_RANGE_LOOP_ANALYSIS = YES;
				CLANG_WARN_STRICT_PROTOTYPES = YES;
				CLANG_WARN_SUSPICIOUS_MOVE = YES;
				CLANG_WARN_UNGUARDED_AVAILABILITY = YES_AGGRESSIVE;
				CLANG_WARN_UNREACHABLE_CODE = YES;
				CLANG_WARN__DUPLICATE_METHOD_MATCH = YES;
				COPY_PHASE_STRIP = NO;
				DEBUG_INFORMATION_FORMAT = dwarf;
				ENABLE_STRICT_OBJC_MSGSEND = YES;
				ENABLE_TESTABILITY = YES;
				GCC_C_LANGUAGE_STANDARD = gnu11;
				GCC_DYNAMIC_NO_PIC = NO;
				GCC_NO_COMMON_BLOCKS = YES;
				GCC_OPTIMIZATION_LEVEL = 0;
				GCC_PREPROCESSOR_DEFINITIONS = (
					"DEBUG=1",
					"$(inherited)",
				);
				GCC_WARN_64_TO_32_BIT_CONVERSION = YES;
				GCC_WARN_ABOUT_RETURN_TYPE = YES_ERROR;
				GCC_WARN_UNDECLARED_SELECTOR = YES;
				GCC_WARN_UNINITIALIZED_AUTOS = YES_AGGRESSIVE;
				GCC_WARN_UNUSED_FUNCTION = YES;
				GCC_WARN_UNUSED_VARIABLE = YES;
				IPHONEOS_DEPLOYMENT_TARGET = 16.1;
				MTL_ENABLE_DEBUG_INFO = INCLUDE_SOURCE;
				MTL_FAST_MATH = YES;
				ONLY_ACTIVE_ARCH = YES;
				SDKROOT = iphoneos;
				SWIFT_ACTIVE_COMPILATION_CONDITIONS = DEBUG;
				SWIFT_OPTIMIZATION_LEVEL = "-Onone";
			};
			name = Debug;
		};
		64EE370E293685110053C310 /* Release */ = {
			isa = XCBuildConfiguration;
			buildSettings = {
				ALWAYS_SEARCH_USER_PATHS = NO;
				CLANG_ANALYZER_NONNULL = YES;
				CLANG_ANALYZER_NUMBER_OBJECT_CONVERSION = YES_AGGRESSIVE;
				CLANG_CXX_LANGUAGE_STANDARD = "gnu++20";
				CLANG_ENABLE_MODULES = YES;
				CLANG_ENABLE_OBJC_ARC = YES;
				CLANG_ENABLE_OBJC_WEAK = YES;
				CLANG_WARN_BLOCK_CAPTURE_AUTORELEASING = YES;
				CLANG_WARN_BOOL_CONVERSION = YES;
				CLANG_WARN_COMMA = YES;
				CLANG_WARN_CONSTANT_CONVERSION = YES;
				CLANG_WARN_DEPRECATED_OBJC_IMPLEMENTATIONS = YES;
				CLANG_WARN_DIRECT_OBJC_ISA_USAGE = YES_ERROR;
				CLANG_WARN_DOCUMENTATION_COMMENTS = YES;
				CLANG_WARN_EMPTY_BODY = YES;
				CLANG_WARN_ENUM_CONVERSION = YES;
				CLANG_WARN_INFINITE_RECURSION = YES;
				CLANG_WARN_INT_CONVERSION = YES;
				CLANG_WARN_NON_LITERAL_NULL_CONVERSION = YES;
				CLANG_WARN_OBJC_IMPLICIT_RETAIN_SELF = YES;
				CLANG_WARN_OBJC_LITERAL_CONVERSION = YES;
				CLANG_WARN_OBJC_ROOT_CLASS = YES_ERROR;
				CLANG_WARN_QUOTED_INCLUDE_IN_FRAMEWORK_HEADER = YES;
				CLANG_WARN_RANGE_LOOP_ANALYSIS = YES;
				CLANG_WARN_STRICT_PROTOTYPES = YES;
				CLANG_WARN_SUSPICIOUS_MOVE = YES;
				CLANG_WARN_UNGUARDED_AVAILABILITY = YES_AGGRESSIVE;
				CLANG_WARN_UNREACHABLE_CODE = YES;
				CLANG_WARN__DUPLICATE_METHOD_MATCH = YES;
				COPY_PHASE_STRIP = NO;
				DEBUG_INFORMATION_FORMAT = "dwarf-with-dsym";
				ENABLE_NS_ASSERTIONS = NO;
				ENABLE_STRICT_OBJC_MSGSEND = YES;
				GCC_C_LANGUAGE_STANDARD = gnu11;
				GCC_NO_COMMON_BLOCKS = YES;
				GCC_WARN_64_TO_32_BIT_CONVERSION = YES;
				GCC_WARN_ABOUT_RETURN_TYPE = YES_ERROR;
				GCC_WARN_UNDECLARED_SELECTOR = YES;
				GCC_WARN_UNINITIALIZED_AUTOS = YES_AGGRESSIVE;
				GCC_WARN_UNUSED_FUNCTION = YES;
				GCC_WARN_UNUSED_VARIABLE = YES;
				IPHONEOS_DEPLOYMENT_TARGET = 16.1;
				MTL_ENABLE_DEBUG_INFO = NO;
				MTL_FAST_MATH = YES;
				SDKROOT = iphoneos;
				SWIFT_COMPILATION_MODE = wholemodule;
				SWIFT_OPTIMIZATION_LEVEL = "-O";
				VALIDATE_PRODUCT = YES;
			};
			name = Release;
		};
		64EE3710293685110053C310 /* Debug */ = {
			isa = XCBuildConfiguration;
			buildSettings = {
				ASSETCATALOG_COMPILER_APPICON_NAME = AppIcon;
				ASSETCATALOG_COMPILER_GLOBAL_ACCENT_COLOR_NAME = AccentColor;
				CODE_SIGN_STYLE = Automatic;
				CURRENT_PROJECT_VERSION = 1;
				DEVELOPMENT_TEAM = W7Y73UQF4W;
				GENERATE_INFOPLIST_FILE = YES;
				INFOPLIST_FILE = AnyRandom/Info.plist;
				INFOPLIST_KEY_CFBundleDisplayName = AnyRandom;
				INFOPLIST_KEY_LSApplicationCategoryType = "public.app-category.productivity";
				INFOPLIST_KEY_UIApplicationSupportsIndirectInputEvents = YES;
				INFOPLIST_KEY_UILaunchStoryboardName = LaunchScreen;
				INFOPLIST_KEY_UIMainStoryboardFile = Main;
				INFOPLIST_KEY_UISupportedInterfaceOrientations = UIInterfaceOrientationPortrait;
				INFOPLIST_KEY_UISupportedInterfaceOrientations_iPad = "UIInterfaceOrientationLandscapeLeft UIInterfaceOrientationLandscapeRight UIInterfaceOrientationPortrait UIInterfaceOrientationPortraitUpsideDown";
				LD_RUNPATH_SEARCH_PATHS = (
					"$(inherited)",
					"@executable_path/Frameworks",
				);
				MARKETING_VERSION = 1.0;
				PRODUCT_BUNDLE_IDENTIFIER = com.jeffersoens.AnyRandom;
				PRODUCT_NAME = "$(TARGET_NAME)";
				SUPPORTED_PLATFORMS = "iphoneos iphonesimulator";
				SUPPORTS_MACCATALYST = NO;
				SUPPORTS_MAC_DESIGNED_FOR_IPHONE_IPAD = NO;
				SWIFT_EMIT_LOC_STRINGS = YES;
				SWIFT_VERSION = 5.0;
				TARGETED_DEVICE_FAMILY = 1;
			};
			name = Debug;
		};
		64EE3711293685110053C310 /* Release */ = {
			isa = XCBuildConfiguration;
			buildSettings = {
				ASSETCATALOG_COMPILER_APPICON_NAME = AppIcon;
				ASSETCATALOG_COMPILER_GLOBAL_ACCENT_COLOR_NAME = AccentColor;
				CODE_SIGN_STYLE = Automatic;
				CURRENT_PROJECT_VERSION = 1;
				DEVELOPMENT_TEAM = W7Y73UQF4W;
				GENERATE_INFOPLIST_FILE = YES;
				INFOPLIST_FILE = AnyRandom/Info.plist;
				INFOPLIST_KEY_CFBundleDisplayName = AnyRandom;
				INFOPLIST_KEY_LSApplicationCategoryType = "public.app-category.productivity";
				INFOPLIST_KEY_UIApplicationSupportsIndirectInputEvents = YES;
				INFOPLIST_KEY_UILaunchStoryboardName = LaunchScreen;
				INFOPLIST_KEY_UIMainStoryboardFile = Main;
				INFOPLIST_KEY_UISupportedInterfaceOrientations = UIInterfaceOrientationPortrait;
				INFOPLIST_KEY_UISupportedInterfaceOrientations_iPad = "UIInterfaceOrientationLandscapeLeft UIInterfaceOrientationLandscapeRight UIInterfaceOrientationPortrait UIInterfaceOrientationPortraitUpsideDown";
				LD_RUNPATH_SEARCH_PATHS = (
					"$(inherited)",
					"@executable_path/Frameworks",
				);
				MARKETING_VERSION = 1.0;
				PRODUCT_BUNDLE_IDENTIFIER = com.jeffersoens.AnyRandom;
				PRODUCT_NAME = "$(TARGET_NAME)";
				SUPPORTED_PLATFORMS = "iphoneos iphonesimulator";
				SUPPORTS_MACCATALYST = NO;
				SUPPORTS_MAC_DESIGNED_FOR_IPHONE_IPAD = NO;
				SWIFT_EMIT_LOC_STRINGS = YES;
				SWIFT_VERSION = 5.0;
				TARGETED_DEVICE_FAMILY = 1;
			};
			name = Release;
		};
/* End XCBuildConfiguration section */

/* Begin XCConfigurationList section */
		64EE36F62936850F0053C310 /* Build configuration list for PBXProject "AnyRandom" */ = {
			isa = XCConfigurationList;
			buildConfigurations = (
				64EE370D293685110053C310 /* Debug */,
				64EE370E293685110053C310 /* Release */,
			);
			defaultConfigurationIsVisible = 0;
			defaultConfigurationName = Release;
		};
		64EE370F293685110053C310 /* Build configuration list for PBXNativeTarget "AnyRandom" */ = {
			isa = XCConfigurationList;
			buildConfigurations = (
				64EE3710293685110053C310 /* Debug */,
				64EE3711293685110053C310 /* Release */,
			);
			defaultConfigurationIsVisible = 0;
			defaultConfigurationName = Release;
		};
/* End XCConfigurationList section */
	};
	rootObject = 64EE36F32936850F0053C310 /* Project object */;
}
